
Microsoft Visual Studio Solution File, Format Version 12.00
# Visual Studio Version 17
VisualStudioVersion = 17.3.32819.101
MinimumVisualStudioVersion = 10.0.40219.1
Project("{FAE04EC0-301F-11D3-BF4B-00C04F79EFBC}") = "MoneyWifeProject", "WindowsFormsApp1\MoneyWifeProject.csproj", "{ED0F3F8B-8ACA-4F97-9F72-554FCC74F56D}"
EndProject
Project("{9A19103F-16F7-4668-BE54-9A1E7A4F7556}") = "MoneyWife", "MoneyWife\MoneyWife.csproj", "{846533ED-9B0E-4A9B-83CD-B85B1DDBDD3A}"
EndProject
Global
	GlobalSection(SolutionConfigurationPlatforms) = preSolution
		Debug|Any CPU = Debug|Any CPU
		Release|Any CPU = Release|Any CPU
	EndGlobalSection
	GlobalSection(ProjectConfigurationPlatforms) = postSolution
		{ED0F3F8B-8ACA-4F97-9F72-554FCC74F56D}.Debug|Any CPU.ActiveCfg = Debug|Any CPU
		{ED0F3F8B-8ACA-4F97-9F72-554FCC74F56D}.Debug|Any CPU.Build.0 = Debug|Any CPU
		{ED0F3F8B-8ACA-4F97-9F72-554FCC74F56D}.Release|Any CPU.ActiveCfg = Release|Any CPU
		{ED0F3F8B-8ACA-4F97-9F72-554FCC74F56D}.Release|Any CPU.Build.0 = Release|Any CPU
		{846533ED-9B0E-4A9B-83CD-B85B1DDBDD3A}.Debug|Any CPU.ActiveCfg = Debug|Any CPU
		{846533ED-9B0E-4A9B-83CD-B85B1DDBDD3A}.Debug|Any CPU.Build.0 = Debug|Any CPU
		{846533ED-9B0E-4A9B-83CD-B85B1DDBDD3A}.Release|Any CPU.ActiveCfg = Release|Any CPU
		{846533ED-9B0E-4A9B-83CD-B85B1DDBDD3A}.Release|Any CPU.Build.0 = Release|Any CPU
	EndGlobalSection
	GlobalSection(SolutionProperties) = preSolution
		HideSolutionNode = FALSE
	EndGlobalSection
	GlobalSection(ExtensibilityGlobals) = postSolution
		SolutionGuid = {F856F108-CBC4-4CDD-90A2-2259F8D8F4F4}
	EndGlobalSection
EndGlobal
